
Microsoft Visual Studio Solution File, Format Version 12.00
# Visual Studio Version 16
VisualStudioVersion = 16.0.32002.261
MinimumVisualStudioVersion = 10.0.40219.1
Project("{FAE04EC0-301F-11D3-BF4B-00C04F79EFBC}") = "LinkedlistFunc_Example_0", "LinkedlistFunc_Example_0\LinkedlistFunc_Example_0.csproj", "{81A2A9C5-27C6-4149-B419-92A8941C0908}"
EndProject
Global
	GlobalSection(SolutionConfigurationPlatforms) = preSolution
		Debug|Any CPU = Debug|Any CPU
		Release|Any CPU = Release|Any CPU
	EndGlobalSection
	GlobalSection(ProjectConfigurationPlatforms) = postSolution
		{81A2A9C5-27C6-4149-B419-92A8941C0908}.Debug|Any CPU.ActiveCfg = Debug|Any CPU
		{81A2A9C5-27C6-4149-B419-92A8941C0908}.Debug|Any CPU.Build.0 = Debug|Any CPU
		{81A2A9C5-27C6-4149-B419-92A8941C0908}.Release|Any CPU.ActiveCfg = Release|Any CPU
		{81A2A9C5-27C6-4149-B419-92A8941C0908}.Release|Any CPU.Build.0 = Release|Any CPU
	EndGlobalSection
	GlobalSection(SolutionProperties) = preSolution
		HideSolutionNode = FALSE
	EndGlobalSection
	GlobalSection(ExtensibilityGlobals) = postSolution
		SolutionGuid = {91FD13F4-7BFE-4AB0-B60E-9FA99C3EB95E}
	EndGlobalSection
EndGlobal
